// !$*UTF8*$!
{
	archiveVersion = 1;
	classes = {
	};
	objectVersion = 46;
	objects = {

/* Begin PBXBuildFile section */
		01130D02A40C22F850F9AFEB /* RawReadingDetailSheet.swift in Sources */ = {isa = PBXBuildFile; fileRef = 84413A135AA5296F922C7389 /* RawReadingDetailSheet.swift */; };
		03DA5A955315AE336F535126 /* ReportsView.swift in Sources */ = {isa = PBXBuildFile; fileRef = 49781AA8AF00CF7FE55FC388 /* ReportsView.swift */; };
		0CFB3A67D074233175D46304 /* LiveDashboardViewModel.swift in Sources */ = {isa = PBXBuildFile; fileRef = D2A27677E6FD63A8F018886B /* LiveDashboardViewModel.swift */; };
		13B74CBD2F396344EC8E17F2 /* SystemInfoGrid.swift in Sources */ = {isa = PBXBuildFile; fileRef = 2D14CA60EA2E957FBCA9A882 /* SystemInfoGrid.swift */; };
		1655B9666A607B88357E4C1A /* OutagesReportView.swift in Sources */ = {isa = PBXBuildFile; fileRef = BBAFAC4AE05C10DB3715E768 /* OutagesReportView.swift */; };
		1895178B4BE4162F38E4D1D9 /* RefreshToolbarButton.swift in Sources */ = {isa = PBXBuildFile; fileRef = 504A5A90FE538901641682E3 /* RefreshToolbarButton.swift */; };
		19A8E6952F5145EF6963E60D /* RootView.swift in Sources */ = {isa = PBXBuildFile; fileRef = F7F5E71730555466B0B85927 /* RootView.swift */; };
		1DC855A2C89B001A35C98C47 /* ThemeColors.swift in Sources */ = {isa = PBXBuildFile; fileRef = 278512777E1A004B8B25B53E /* ThemeColors.swift */; };
		20E9B7D954AD77161FC801E6 /* APIClient.swift in Sources */ = {isa = PBXBuildFile; fileRef = 6192D36B324AF8CC5B630234 /* APIClient.swift */; };
		26A71F80E4A429E398960E30 /* DayReportView.swift in Sources */ = {isa = PBXBuildFile; fileRef = CDD2EA82E12BFAC6DEE40EDD /* DayReportView.swift */; };
		2841D344643F7F60FC9F82D1 /* NotificationCoordinator.swift in Sources */ = {isa = PBXBuildFile; fileRef = 93ADCC917A9BD74C6091ACFB /* NotificationCoordinator.swift */; };
		29DA19D312FE465F5DDC9243 /* Assets.xcassets in Resources */ = {isa = PBXBuildFile; fileRef = AEE98069ED65F98D9B1C3663 /* Assets.xcassets */; };
		2D684780E41968BE988CAF88 /* Readings.swift in Sources */ = {isa = PBXBuildFile; fileRef = 14846DF2E3C82BEB58783B80 /* Readings.swift */; };
		2F2749CC61F5CF4C7E421142 /* StatusPill.swift in Sources */ = {isa = PBXBuildFile; fileRef = 03550F891DB18E23959677EB /* StatusPill.swift */; };
		2FEE53B6E1B228BDF127777D /* SystemInfo.swift in Sources */ = {isa = PBXBuildFile; fileRef = 29F4A34D40F2894F53B3B785 /* SystemInfo.swift */; };
		33309E680E3AEBF4FEA385BE /* TodaySummarySection.swift in Sources */ = {isa = PBXBuildFile; fileRef = 2BB26D8DBACFD99B5D409851 /* TodaySummarySection.swift */; };
		3751801633EA7FDAF74EBF14 /* AuthViewModel.swift in Sources */ = {isa = PBXBuildFile; fileRef = 012D8A822D29494235006883 /* AuthViewModel.swift */; };
		413F28DD70FBC58D46BD052D /* LiveDashboardView.swift in Sources */ = {isa = PBXBuildFile; fileRef = 49E2FEF00681CEC4BFE7DCEF /* LiveDashboardView.swift */; };
		42D91DF721BE345B569FBCD0 /* AuthService.swift in Sources */ = {isa = PBXBuildFile; fileRef = C7FDC64B2CEC0BA877A707B5 /* AuthService.swift */; };
		42F05C4962E6D2047CBED04F /* YearReportView.swift in Sources */ = {isa = PBXBuildFile; fileRef = 4F92622765CC56842C6B1D7D /* YearReportView.swift */; };
		4ABB46AA1CD6C4AF1C72789E /* CommandService.swift in Sources */ = {isa = PBXBuildFile; fileRef = 6AC6733831630206998E059A /* CommandService.swift */; };
		5208FA369592FAD90D181AB3 /* CostSavings.swift in Sources */ = {isa = PBXBuildFile; fileRef = 5373720D66CC84CAE2858CF1 /* CostSavings.swift */; };
		5EC5BADDAD2E0BCA621F248B /* ReportsViewModel.swift in Sources */ = {isa = PBXBuildFile; fileRef = 5D32814E4472F250CC1BD994 /* ReportsViewModel.swift */; };
		6270E900E2464C5D5ECDAB58 /* AppEnvironment.swift in Sources */ = {isa = PBXBuildFile; fileRef = 83DC80E5A4361CD8993CAFE1 /* AppEnvironment.swift */; };
		64D05A8F0A34B9C5C40042F0 /* InverterMonitorApp.swift in Sources */ = {isa = PBXBuildFile; fileRef = C94E769F74474CAD45736940 /* InverterMonitorApp.swift */; };
		6C56413CE4A6BE0AED55F245 /* CredentialStore.swift in Sources */ = {isa = PBXBuildFile; fileRef = 1B05D3AABFCC9B73C9547AD3 /* CredentialStore.swift */; };
		7287C4007FCDDB43585F2CF9 /* Foundation.framework in Frameworks */ = {isa = PBXBuildFile; fileRef = BEE05BD7559434AEF8DB3D8E /* Foundation.framework */; };
		84D7AD538459D636EDD5BEF4 /* SavingsReportView.swift in Sources */ = {isa = PBXBuildFile; fileRef = 3FA9CE54C5B8B8597BBD252E /* SavingsReportView.swift */; };
		916A769F1425817FD99385DF /* RawReadingsView.swift in Sources */ = {isa = PBXBuildFile; fileRef = B13C8A14B17FC6830E993558 /* RawReadingsView.swift */; };
		9BFC1EA156AD5B928E66023A /* AppSettings.swift in Sources */ = {isa = PBXBuildFile; fileRef = 9EED982DB4BA1B07404EA194 /* AppSettings.swift */; };
		9FE3CDC8F26B23DF072F672E /* InverterStatus.swift in Sources */ = {isa = PBXBuildFile; fileRef = 3C985C9C872BE568112CC330 /* InverterStatus.swift */; };
		A5F39EE06EB45010E74A88C7 /* InverterConfig.swift in Sources */ = {isa = PBXBuildFile; fileRef = DB238B6E38F9D35005F8E5A5 /* InverterConfig.swift */; };
		A8CB9E5B8B3944B8B18DAAC7 /* InverterService.swift in Sources */ = {isa = PBXBuildFile; fileRef = 9574DF3C1C6D81DC604FB4FE /* InverterService.swift */; };
		A97840FE57F3BD2D7B5347A5 /* LoginView.swift in Sources */ = {isa = PBXBuildFile; fileRef = 1D02E35542E1E654A8BF4882 /* LoginView.swift */; };
		B00D08F23356C55F8F3D8B2A /* SettingsView.swift in Sources */ = {isa = PBXBuildFile; fileRef = 2914AA4162E4FD0C85BCBC3B /* SettingsView.swift */; };
		B429C0835B7ECF8B2A6C3D32 /* InverterMetrics.swift in Sources */ = {isa = PBXBuildFile; fileRef = 4029CEFCAF5904DA89C284E5 /* InverterMetrics.swift */; };
		B759F7F6B20728A2ABE53F1E /* InverterIntents.swift in Sources */ = {isa = PBXBuildFile; fileRef = 05F8F030EFD11B0119E44CF4 /* InverterIntents.swift */; };
		C45F44E7F1295C21145301C1 /* SavingsView.swift in Sources */ = {isa = PBXBuildFile; fileRef = 774E69DC0587781F94D87334 /* SavingsView.swift */; };
		C5A9A3B4F489973DDEC5F468 /* LivePowerChartSection.swift in Sources */ = {isa = PBXBuildFile; fileRef = ACDD48DF4885496A8C078885 /* LivePowerChartSection.swift */; };
		C6A855D6416055D28A79B31A /* ComponentDetailSheet.swift in Sources */ = {isa = PBXBuildFile; fileRef = 0C66CB36AB131F8E6182C029 /* ComponentDetailSheet.swift */; };
		C835B6C710DAF3604FA6CE7C /* ReaderOutagesReportView.swift in Sources */ = {isa = PBXBuildFile; fileRef = B651452E813A5194A9C84D4C /* ReaderOutagesReportView.swift */; };
		CBC72F11FE628E1B72FC1E62 /* StatTile.swift in Sources */ = {isa = PBXBuildFile; fileRef = 91EB5D109346F2EEFB90FFE3 /* StatTile.swift */; };
		CC13324A1571E251208106C3 /* MainTabView.swift in Sources */ = {isa = PBXBuildFile; fileRef = E09C2EF98B3AC701D57F8E7C /* MainTabView.swift */; };
		DA594B1D6E4348475743787E /* Summary.swift in Sources */ = {isa = PBXBuildFile; fileRef = 6BDE083EFC4E0D9197C940A4 /* Summary.swift */; };
		E5A2EC47540538C6727B3DC2 /* BatteryGauge.swift in Sources */ = {isa = PBXBuildFile; fileRef = D36AD9F22A7CFCEAA24864BC /* BatteryGauge.swift */; };
		E74AFB1DD9F8C1DC90A066D7 /* PowerCardsGrid.swift in Sources */ = {isa = PBXBuildFile; fileRef = ACE33B213D30B2F82EC8FF1C /* PowerCardsGrid.swift */; };
		F794F22712206589B536CDF2 /* MonthReportView.swift in Sources */ = {isa = PBXBuildFile; fileRef = 9C15621057A335744415F91B /* MonthReportView.swift */; };
		FC9829456DBC8DC0D3BC38E4 /* FlowDiagramView.swift in Sources */ = {isa = PBXBuildFile; fileRef = B32A316BB618DB452520235E /* FlowDiagramView.swift */; };
/* End PBXBuildFile section */

/* Begin PBXFileReference section */
		012D8A822D29494235006883 /* AuthViewModel.swift */ = {isa = PBXFileReference; includeInIndex = 1; lastKnownFileType = sourcecode.swift; path = AuthViewModel.swift; sourceTree = "<group>"; };
		03550F891DB18E23959677EB /* StatusPill.swift */ = {isa = PBXFileReference; includeInIndex = 1; lastKnownFileType = sourcecode.swift; path = StatusPill.swift; sourceTree = "<group>"; };
		059A71377481B0901CD08E90 /* InverterMonitor.app */ = {isa = PBXFileReference; explicitFileType = wrapper.application; includeInIndex = 0; path = InverterMonitor.app; sourceTree = BUILT_PRODUCTS_DIR; };
		05F8F030EFD11B0119E44CF4 /* InverterIntents.swift */ = {isa = PBXFileReference; includeInIndex = 1; lastKnownFileType = sourcecode.swift; path = InverterIntents.swift; sourceTree = "<group>"; };
		0C66CB36AB131F8E6182C029 /* ComponentDetailSheet.swift */ = {isa = PBXFileReference; includeInIndex = 1; lastKnownFileType = sourcecode.swift; path = ComponentDetailSheet.swift; sourceTree = "<group>"; };
		14846DF2E3C82BEB58783B80 /* Readings.swift */ = {isa = PBXFileReference; includeInIndex = 1; lastKnownFileType = sourcecode.swift; path = Readings.swift; sourceTree = "<group>"; };
		1B05D3AABFCC9B73C9547AD3 /* CredentialStore.swift */ = {isa = PBXFileReference; includeInIndex = 1; lastKnownFileType = sourcecode.swift; path = CredentialStore.swift; sourceTree = "<group>"; };
		1D02E35542E1E654A8BF4882 /* LoginView.swift */ = {isa = PBXFileReference; includeInIndex = 1; lastKnownFileType = sourcecode.swift; path = LoginView.swift; sourceTree = "<group>"; };
		278512777E1A004B8B25B53E /* ThemeColors.swift */ = {isa = PBXFileReference; includeInIndex = 1; lastKnownFileType = sourcecode.swift; path = ThemeColors.swift; sourceTree = "<group>"; };
		2914AA4162E4FD0C85BCBC3B /* SettingsView.swift */ = {isa = PBXFileReference; includeInIndex = 1; lastKnownFileType = sourcecode.swift; path = SettingsView.swift; sourceTree = "<group>"; };
		29F4A34D40F2894F53B3B785 /* SystemInfo.swift */ = {isa = PBXFileReference; includeInIndex = 1; lastKnownFileType = sourcecode.swift; path = SystemInfo.swift; sourceTree = "<group>"; };
		2BB26D8DBACFD99B5D409851 /* TodaySummarySection.swift */ = {isa = PBXFileReference; includeInIndex = 1; lastKnownFileType = sourcecode.swift; path = TodaySummarySection.swift; sourceTree = "<group>"; };
		2D14CA60EA2E957FBCA9A882 /* SystemInfoGrid.swift */ = {isa = PBXFileReference; includeInIndex = 1; lastKnownFileType = sourcecode.swift; path = SystemInfoGrid.swift; sourceTree = "<group>"; };
		39ADA81FFF76A1E03EB8C649 /* Info.plist */ = {isa = PBXFileReference; includeInIndex = 1; lastKnownFileType = text.plist.xml; path = Info.plist; sourceTree = "<group>"; };
		3C985C9C872BE568112CC330 /* InverterStatus.swift */ = {isa = PBXFileReference; includeInIndex = 1; lastKnownFileType = sourcecode.swift; path = InverterStatus.swift; sourceTree = "<group>"; };
		3FA9CE54C5B8B8597BBD252E /* SavingsReportView.swift */ = {isa = PBXFileReference; includeInIndex = 1; lastKnownFileType = sourcecode.swift; path = SavingsReportView.swift; sourceTree = "<group>"; };
		4029CEFCAF5904DA89C284E5 /* InverterMetrics.swift */ = {isa = PBXFileReference; includeInIndex = 1; lastKnownFileType = sourcecode.swift; path = InverterMetrics.swift; sourceTree = "<group>"; };
		49781AA8AF00CF7FE55FC388 /* ReportsView.swift */ = {isa = PBXFileReference; includeInIndex = 1; lastKnownFileType = sourcecode.swift; path = ReportsView.swift; sourceTree = "<group>"; };
		49E2FEF00681CEC4BFE7DCEF /* LiveDashboardView.swift */ = {isa = PBXFileReference; includeInIndex = 1; lastKnownFileType = sourcecode.swift; path = LiveDashboardView.swift; sourceTree = "<group>"; };
		4F92622765CC56842C6B1D7D /* YearReportView.swift */ = {isa = PBXFileReference; includeInIndex = 1; lastKnownFileType = sourcecode.swift; path = YearReportView.swift; sourceTree = "<group>"; };
		504A5A90FE538901641682E3 /* RefreshToolbarButton.swift */ = {isa = PBXFileReference; includeInIndex = 1; lastKnownFileType = sourcecode.swift; path = RefreshToolbarButton.swift; sourceTree = "<group>"; };
		5373720D66CC84CAE2858CF1 /* CostSavings.swift */ = {isa = PBXFileReference; includeInIndex = 1; lastKnownFileType = sourcecode.swift; path = CostSavings.swift; sourceTree = "<group>"; };
		5D32814E4472F250CC1BD994 /* ReportsViewModel.swift */ = {isa = PBXFileReference; includeInIndex = 1; lastKnownFileType = sourcecode.swift; path = ReportsViewModel.swift; sourceTree = "<group>"; };
		6192D36B324AF8CC5B630234 /* APIClient.swift */ = {isa = PBXFileReference; includeInIndex = 1; lastKnownFileType = sourcecode.swift; path = APIClient.swift; sourceTree = "<group>"; };
		6AC6733831630206998E059A /* CommandService.swift */ = {isa = PBXFileReference; includeInIndex = 1; lastKnownFileType = sourcecode.swift; path = CommandService.swift; sourceTree = "<group>"; };
		6BDE083EFC4E0D9197C940A4 /* Summary.swift */ = {isa = PBXFileReference; includeInIndex = 1; lastKnownFileType = sourcecode.swift; path = Summary.swift; sourceTree = "<group>"; };
		774E69DC0587781F94D87334 /* SavingsView.swift */ = {isa = PBXFileReference; includeInIndex = 1; lastKnownFileType = sourcecode.swift; path = SavingsView.swift; sourceTree = "<group>"; };
		83DC80E5A4361CD8993CAFE1 /* AppEnvironment.swift */ = {isa = PBXFileReference; includeInIndex = 1; lastKnownFileType = sourcecode.swift; path = AppEnvironment.swift; sourceTree = "<group>"; };
		84413A135AA5296F922C7389 /* RawReadingDetailSheet.swift */ = {isa = PBXFileReference; includeInIndex = 1; lastKnownFileType = sourcecode.swift; path = RawReadingDetailSheet.swift; sourceTree = "<group>"; };
		91EB5D109346F2EEFB90FFE3 /* StatTile.swift */ = {isa = PBXFileReference; includeInIndex = 1; lastKnownFileType = sourcecode.swift; path = StatTile.swift; sourceTree = "<group>"; };
		93ADCC917A9BD74C6091ACFB /* NotificationCoordinator.swift */ = {isa = PBXFileReference; includeInIndex = 1; lastKnownFileType = sourcecode.swift; path = NotificationCoordinator.swift; sourceTree = "<group>"; };
		9574DF3C1C6D81DC604FB4FE /* InverterService.swift */ = {isa = PBXFileReference; includeInIndex = 1; lastKnownFileType = sourcecode.swift; path = InverterService.swift; sourceTree = "<group>"; };
		9C15621057A335744415F91B /* MonthReportView.swift */ = {isa = PBXFileReference; includeInIndex = 1; lastKnownFileType = sourcecode.swift; path = MonthReportView.swift; sourceTree = "<group>"; };
		9EED982DB4BA1B07404EA194 /* AppSettings.swift */ = {isa = PBXFileReference; includeInIndex = 1; lastKnownFileType = sourcecode.swift; path = AppSettings.swift; sourceTree = "<group>"; };
		ACDD48DF4885496A8C078885 /* LivePowerChartSection.swift */ = {isa = PBXFileReference; includeInIndex = 1; lastKnownFileType = sourcecode.swift; path = LivePowerChartSection.swift; sourceTree = "<group>"; };
		ACE33B213D30B2F82EC8FF1C /* PowerCardsGrid.swift */ = {isa = PBXFileReference; includeInIndex = 1; lastKnownFileType = sourcecode.swift; path = PowerCardsGrid.swift; sourceTree = "<group>"; };
		AEE98069ED65F98D9B1C3663 /* Assets.xcassets */ = {isa = PBXFileReference; includeInIndex = 1; lastKnownFileType = folder.assetcatalog; path = Assets.xcassets; sourceTree = "<group>"; };
		B13C8A14B17FC6830E993558 /* RawReadingsView.swift */ = {isa = PBXFileReference; includeInIndex = 1; lastKnownFileType = sourcecode.swift; path = RawReadingsView.swift; sourceTree = "<group>"; };
		B32A316BB618DB452520235E /* FlowDiagramView.swift */ = {isa = PBXFileReference; includeInIndex = 1; lastKnownFileType = sourcecode.swift; path = FlowDiagramView.swift; sourceTree = "<group>"; };
		B651452E813A5194A9C84D4C /* ReaderOutagesReportView.swift */ = {isa = PBXFileReference; includeInIndex = 1; lastKnownFileType = sourcecode.swift; path = ReaderOutagesReportView.swift; sourceTree = "<group>"; };
		BBAFAC4AE05C10DB3715E768 /* OutagesReportView.swift */ = {isa = PBXFileReference; includeInIndex = 1; lastKnownFileType = sourcecode.swift; path = OutagesReportView.swift; sourceTree = "<group>"; };
		BEE05BD7559434AEF8DB3D8E /* Foundation.framework */ = {isa = PBXFileReference; lastKnownFileType = wrapper.framework; name = Foundation.framework; path = Platforms/iPhoneOS.platform/Developer/SDKs/iPhoneOS18.0.sdk/System/Library/Frameworks/Foundation.framework; sourceTree = DEVELOPER_DIR; };
		C7FDC64B2CEC0BA877A707B5 /* AuthService.swift */ = {isa = PBXFileReference; includeInIndex = 1; lastKnownFileType = sourcecode.swift; path = AuthService.swift; sourceTree = "<group>"; };
		C94E769F74474CAD45736940 /* InverterMonitorApp.swift */ = {isa = PBXFileReference; includeInIndex = 1; lastKnownFileType = sourcecode.swift; path = InverterMonitorApp.swift; sourceTree = "<group>"; };
		CDD2EA82E12BFAC6DEE40EDD /* DayReportView.swift */ = {isa = PBXFileReference; includeInIndex = 1; lastKnownFileType = sourcecode.swift; path = DayReportView.swift; sourceTree = "<group>"; };
		D2A27677E6FD63A8F018886B /* LiveDashboardViewModel.swift */ = {isa = PBXFileReference; includeInIndex = 1; lastKnownFileType = sourcecode.swift; path = LiveDashboardViewModel.swift; sourceTree = "<group>"; };
		D36AD9F22A7CFCEAA24864BC /* BatteryGauge.swift */ = {isa = PBXFileReference; includeInIndex = 1; lastKnownFileType = sourcecode.swift; path = BatteryGauge.swift; sourceTree = "<group>"; };
		DB238B6E38F9D35005F8E5A5 /* InverterConfig.swift */ = {isa = PBXFileReference; includeInIndex = 1; lastKnownFileType = sourcecode.swift; path = InverterConfig.swift; sourceTree = "<group>"; };
		E09C2EF98B3AC701D57F8E7C /* MainTabView.swift */ = {isa = PBXFileReference; includeInIndex = 1; lastKnownFileType = sourcecode.swift; path = MainTabView.swift; sourceTree = "<group>"; };
		F7F5E71730555466B0B85927 /* RootView.swift */ = {isa = PBXFileReference; includeInIndex = 1; lastKnownFileType = sourcecode.swift; path = RootView.swift; sourceTree = "<group>"; };
/* End PBXFileReference section */

/* Begin PBXFrameworksBuildPhase section */
		7DF16BFE7011B7D275468183 /* Frameworks */ = {
			isa = PBXFrameworksBuildPhase;
			buildActionMask = 2147483647;
			files = (
				7287C4007FCDDB43585F2CF9 /* Foundation.framework in Frameworks */,
			);
			runOnlyForDeploymentPostprocessing = 0;
		};
/* End PBXFrameworksBuildPhase section */

/* Begin PBXGroup section */
		04D9AB1ABF2BE9A490E236EC = {
			isa = PBXGroup;
			children = (
				6D6283C8F26F04511C99B809 /* Products */,
				6792B9E3E06872F77F008F0A /* Frameworks */,
				1FC7A99375AC37283C4D8316 /* InverterMonitor */,
			);
			sourceTree = "<group>";
		};
		0BC3054D2CB24A32004024F7 /* Models */ = {
			isa = PBXGroup;
			children = (
				5373720D66CC84CAE2858CF1 /* CostSavings.swift */,
				DB238B6E38F9D35005F8E5A5 /* InverterConfig.swift */,
				4029CEFCAF5904DA89C284E5 /* InverterMetrics.swift */,
				3C985C9C872BE568112CC330 /* InverterStatus.swift */,
				14846DF2E3C82BEB58783B80 /* Readings.swift */,
				6BDE083EFC4E0D9197C940A4 /* Summary.swift */,
				29F4A34D40F2894F53B3B785 /* SystemInfo.swift */,
			);
			name = Models;
			path = Models;
			sourceTree = "<group>";
		};
		1FC7A99375AC37283C4D8316 /* InverterMonitor */ = {
			isa = PBXGroup;
			children = (
				6EFCE204F114DFC2FE9FFB76 /* App */,
				0BC3054D2CB24A32004024F7 /* Models */,
				8E3D78B18C598CD3DA66A343 /* Services */,
				22EC18018959CCD922E4634E /* ViewModels */,
				7F7F304501A6E8793F49201D /* Views */,
				5CD8CF63006A938BED843E75 /* Resources */,
			);
			name = InverterMonitor;
			path = InverterMonitor;
			sourceTree = "<group>";
		};
		22EC18018959CCD922E4634E /* ViewModels */ = {
			isa = PBXGroup;
			children = (
				012D8A822D29494235006883 /* AuthViewModel.swift */,
				D2A27677E6FD63A8F018886B /* LiveDashboardViewModel.swift */,
				5D32814E4472F250CC1BD994 /* ReportsViewModel.swift */,
			);
			name = ViewModels;
			path = ViewModels;
			sourceTree = "<group>";
		};
		5CD8CF63006A938BED843E75 /* Resources */ = {
			isa = PBXGroup;
			children = (
				39ADA81FFF76A1E03EB8C649 /* Info.plist */,
				AEE98069ED65F98D9B1C3663 /* Assets.xcassets */,
			);
			name = Resources;
			path = Resources;
			sourceTree = "<group>";
		};
		6792B9E3E06872F77F008F0A /* Frameworks */ = {
			isa = PBXGroup;
			children = (
				DF3F191140DA3D334A5D6753 /* iOS */,
			);
			name = Frameworks;
			sourceTree = "<group>";
		};
		6D6283C8F26F04511C99B809 /* Products */ = {
			isa = PBXGroup;
			children = (
				059A71377481B0901CD08E90 /* InverterMonitor.app */,
			);
			name = Products;
			sourceTree = "<group>";
		};
		6EFCE204F114DFC2FE9FFB76 /* App */ = {
			isa = PBXGroup;
			children = (
				83DC80E5A4361CD8993CAFE1 /* AppEnvironment.swift */,
				AFA73D85CFDCF94D2DF2ACB8 /* AppIntents */,
				C94E769F74474CAD45736940 /* InverterMonitorApp.swift */,
			);
			name = App;
			path = App;
			sourceTree = "<group>";
		};
		7F7F304501A6E8793F49201D /* Views */ = {
			isa = PBXGroup;
			children = (
				E81205F2252A71D14D990C53 /* Live */,
				1D02E35542E1E654A8BF4882 /* LoginView.swift */,
				E09C2EF98B3AC701D57F8E7C /* MainTabView.swift */,
				B66C3344167CA44ED88B8B3D /* Reports */,
				F7F5E71730555466B0B85927 /* RootView.swift */,
				774E69DC0587781F94D87334 /* SavingsView.swift */,
				2914AA4162E4FD0C85BCBC3B /* SettingsView.swift */,
				DC0014C669E216FF3E7D8204 /* Shared */,
			);
			name = Views;
			path = Views;
			sourceTree = "<group>";
		};
		8E3D78B18C598CD3DA66A343 /* Services */ = {
			isa = PBXGroup;
			children = (
				6192D36B324AF8CC5B630234 /* APIClient.swift */,
				9EED982DB4BA1B07404EA194 /* AppSettings.swift */,
				C7FDC64B2CEC0BA877A707B5 /* AuthService.swift */,
				6AC6733831630206998E059A /* CommandService.swift */,
				1B05D3AABFCC9B73C9547AD3 /* CredentialStore.swift */,
				9574DF3C1C6D81DC604FB4FE /* InverterService.swift */,
				93ADCC917A9BD74C6091ACFB /* NotificationCoordinator.swift */,
			);
			name = Services;
			path = Services;
			sourceTree = "<group>";
		};
		AFA73D85CFDCF94D2DF2ACB8 /* AppIntents */ = {
			isa = PBXGroup;
			children = (
				05F8F030EFD11B0119E44CF4 /* InverterIntents.swift */,
			);
			name = AppIntents;
			path = AppIntents;
			sourceTree = "<group>";
		};
		B66C3344167CA44ED88B8B3D /* Reports */ = {
			isa = PBXGroup;
			children = (
				CDD2EA82E12BFAC6DEE40EDD /* DayReportView.swift */,
				9C15621057A335744415F91B /* MonthReportView.swift */,
				BBAFAC4AE05C10DB3715E768 /* OutagesReportView.swift */,
				84413A135AA5296F922C7389 /* RawReadingDetailSheet.swift */,
				B13C8A14B17FC6830E993558 /* RawReadingsView.swift */,
				B651452E813A5194A9C84D4C /* ReaderOutagesReportView.swift */,
				49781AA8AF00CF7FE55FC388 /* ReportsView.swift */,
				3FA9CE54C5B8B8597BBD252E /* SavingsReportView.swift */,
				4F92622765CC56842C6B1D7D /* YearReportView.swift */,
			);
			name = Reports;
			path = Reports;
			sourceTree = "<group>";
		};
		DC0014C669E216FF3E7D8204 /* Shared */ = {
			isa = PBXGroup;
			children = (
				504A5A90FE538901641682E3 /* RefreshToolbarButton.swift */,
				91EB5D109346F2EEFB90FFE3 /* StatTile.swift */,
				03550F891DB18E23959677EB /* StatusPill.swift */,
				278512777E1A004B8B25B53E /* ThemeColors.swift */,
			);
			name = Shared;
			path = Shared;
			sourceTree = "<group>";
		};
		DF3F191140DA3D334A5D6753 /* iOS */ = {
			isa = PBXGroup;
			children = (
				BEE05BD7559434AEF8DB3D8E /* Foundation.framework */,
			);
			name = iOS;
			sourceTree = "<group>";
		};
		E81205F2252A71D14D990C53 /* Live */ = {
			isa = PBXGroup;
			children = (
				D36AD9F22A7CFCEAA24864BC /* BatteryGauge.swift */,
				0C66CB36AB131F8E6182C029 /* ComponentDetailSheet.swift */,
				B32A316BB618DB452520235E /* FlowDiagramView.swift */,
				49E2FEF00681CEC4BFE7DCEF /* LiveDashboardView.swift */,
				ACDD48DF4885496A8C078885 /* LivePowerChartSection.swift */,
				ACE33B213D30B2F82EC8FF1C /* PowerCardsGrid.swift */,
				2D14CA60EA2E957FBCA9A882 /* SystemInfoGrid.swift */,
				2BB26D8DBACFD99B5D409851 /* TodaySummarySection.swift */,
			);
			name = Live;
			path = Live;
			sourceTree = "<group>";
		};
/* End PBXGroup section */

/* Begin PBXNativeTarget section */
		44B33402ABBADFFF41E4F618 /* InverterMonitor */ = {
			isa = PBXNativeTarget;
			buildConfigurationList = 028D05FF4FEA6820E87DD8D6 /* Build configuration list for PBXNativeTarget "InverterMonitor" */;
			buildPhases = (
				874A6BCF8F97F6DA2D4824CF /* Sources */,
				7DF16BFE7011B7D275468183 /* Frameworks */,
				C283A5BD7C90091B33198292 /* Resources */,
			);
			buildRules = (
			);
			dependencies = (
			);
			name = InverterMonitor;
			productName = InverterMonitor;
			productReference = 059A71377481B0901CD08E90 /* InverterMonitor.app */;
			productType = "com.apple.product-type.application";
		};
/* End PBXNativeTarget section */

/* Begin PBXProject section */
		545CBB835C48624930B62FF3 /* Project object */ = {
			isa = PBXProject;
			attributes = {
				LastSwiftUpdateCheck = 1540;
				LastUpgradeCheck = 1540;
				ORGANIZATIONNAME = "Bilal Ahmad";
			};
			buildConfigurationList = D4151F8345CC80D507B8114C /* Build configuration list for PBXProject "InverterMonitor" */;
			compatibilityVersion = "Xcode 3.2";
			developmentRegion = en;
			hasScannedForEncodings = 0;
			knownRegions = (
				en,
				Base,
			);
			mainGroup = 04D9AB1ABF2BE9A490E236EC;
			minimizedProjectReferenceProxies = 0;
			preferredProjectObjectVersion = 77;
			productRefGroup = 6D6283C8F26F04511C99B809 /* Products */;
			projectDirPath = "";
			projectRoot = "";
			targets = (
				44B33402ABBADFFF41E4F618 /* InverterMonitor */,
			);
		};
/* End PBXProject section */

/* Begin PBXResourcesBuildPhase section */
		C283A5BD7C90091B33198292 /* Resources */ = {
			isa = PBXResourcesBuildPhase;
			buildActionMask = 2147483647;
			files = (
				29DA19D312FE465F5DDC9243 /* Assets.xcassets in Resources */,
			);
			runOnlyForDeploymentPostprocessing = 0;
		};
/* End PBXResourcesBuildPhase section */

/* Begin PBXSourcesBuildPhase section */
		874A6BCF8F97F6DA2D4824CF /* Sources */ = {
			isa = PBXSourcesBuildPhase;
			buildActionMask = 2147483647;
			files = (
				6270E900E2464C5D5ECDAB58 /* AppEnvironment.swift in Sources */,
				B759F7F6B20728A2ABE53F1E /* InverterIntents.swift in Sources */,
				64D05A8F0A34B9C5C40042F0 /* InverterMonitorApp.swift in Sources */,
				5208FA369592FAD90D181AB3 /* CostSavings.swift in Sources */,
				A5F39EE06EB45010E74A88C7 /* InverterConfig.swift in Sources */,
				B429C0835B7ECF8B2A6C3D32 /* InverterMetrics.swift in Sources */,
				9FE3CDC8F26B23DF072F672E /* InverterStatus.swift in Sources */,
				2D684780E41968BE988CAF88 /* Readings.swift in Sources */,
				DA594B1D6E4348475743787E /* Summary.swift in Sources */,
				2FEE53B6E1B228BDF127777D /* SystemInfo.swift in Sources */,
				20E9B7D954AD77161FC801E6 /* APIClient.swift in Sources */,
				9BFC1EA156AD5B928E66023A /* AppSettings.swift in Sources */,
				42D91DF721BE345B569FBCD0 /* AuthService.swift in Sources */,
				4ABB46AA1CD6C4AF1C72789E /* CommandService.swift in Sources */,
				6C56413CE4A6BE0AED55F245 /* CredentialStore.swift in Sources */,
				A8CB9E5B8B3944B8B18DAAC7 /* InverterService.swift in Sources */,
				2841D344643F7F60FC9F82D1 /* NotificationCoordinator.swift in Sources */,
				3751801633EA7FDAF74EBF14 /* AuthViewModel.swift in Sources */,
				0CFB3A67D074233175D46304 /* LiveDashboardViewModel.swift in Sources */,
				5EC5BADDAD2E0BCA621F248B /* ReportsViewModel.swift in Sources */,
				E5A2EC47540538C6727B3DC2 /* BatteryGauge.swift in Sources */,
				C6A855D6416055D28A79B31A /* ComponentDetailSheet.swift in Sources */,
				FC9829456DBC8DC0D3BC38E4 /* FlowDiagramView.swift in Sources */,
				413F28DD70FBC58D46BD052D /* LiveDashboardView.swift in Sources */,
				C5A9A3B4F489973DDEC5F468 /* LivePowerChartSection.swift in Sources */,
				E74AFB1DD9F8C1DC90A066D7 /* PowerCardsGrid.swift in Sources */,
				13B74CBD2F396344EC8E17F2 /* SystemInfoGrid.swift in Sources */,
				33309E680E3AEBF4FEA385BE /* TodaySummarySection.swift in Sources */,
				A97840FE57F3BD2D7B5347A5 /* LoginView.swift in Sources */,
				CC13324A1571E251208106C3 /* MainTabView.swift in Sources */,
				26A71F80E4A429E398960E30 /* DayReportView.swift in Sources */,
				F794F22712206589B536CDF2 /* MonthReportView.swift in Sources */,
				1655B9666A607B88357E4C1A /* OutagesReportView.swift in Sources */,
				01130D02A40C22F850F9AFEB /* RawReadingDetailSheet.swift in Sources */,
				916A769F1425817FD99385DF /* RawReadingsView.swift in Sources */,
				C835B6C710DAF3604FA6CE7C /* ReaderOutagesReportView.swift in Sources */,
				03DA5A955315AE336F535126 /* ReportsView.swift in Sources */,
				84D7AD538459D636EDD5BEF4 /* SavingsReportView.swift in Sources */,
				42F05C4962E6D2047CBED04F /* YearReportView.swift in Sources */,
				19A8E6952F5145EF6963E60D /* RootView.swift in Sources */,
				C45F44E7F1295C21145301C1 /* SavingsView.swift in Sources */,
				B00D08F23356C55F8F3D8B2A /* SettingsView.swift in Sources */,
				1895178B4BE4162F38E4D1D9 /* RefreshToolbarButton.swift in Sources */,
				CBC72F11FE628E1B72FC1E62 /* StatTile.swift in Sources */,
				2F2749CC61F5CF4C7E421142 /* StatusPill.swift in Sources */,
				1DC855A2C89B001A35C98C47 /* ThemeColors.swift in Sources */,
			);
			runOnlyForDeploymentPostprocessing = 0;
		};
/* End PBXSourcesBuildPhase section */

/* Begin XCBuildConfiguration section */
		A61CA55F5E3620B54E67A7A8 /* Release */ = {
			isa = XCBuildConfiguration;
			buildSettings = {
				ALWAYS_SEARCH_USER_PATHS = NO;
				CLANG_ANALYZER_NONNULL = YES;
				CLANG_ANALYZER_NUMBER_OBJECT_CONVERSION = YES_AGGRESSIVE;
				CLANG_CXX_LANGUAGE_STANDARD = "gnu++14";
				CLANG_CXX_LIBRARY = "libc++";
				CLANG_ENABLE_MODULES = YES;
				CLANG_ENABLE_OBJC_ARC = YES;
				CLANG_ENABLE_OBJC_WEAK = YES;
				CLANG_WARN_BLOCK_CAPTURE_AUTORELEASING = YES;
				CLANG_WARN_BOOL_CONVERSION = YES;
				CLANG_WARN_COMMA = YES;
				CLANG_WARN_CONSTANT_CONVERSION = YES;
				CLANG_WARN_DEPRECATED_OBJC_IMPLEMENTATIONS = YES;
				CLANG_WARN_DIRECT_OBJC_ISA_USAGE = YES_ERROR;
				CLANG_WARN_DOCUMENTATION_COMMENTS = YES;
				CLANG_WARN_EMPTY_BODY = YES;
				CLANG_WARN_ENUM_CONVERSION = YES;
				CLANG_WARN_INFINITE_RECURSION = YES;
				CLANG_WARN_INT_CONVERSION = YES;
				CLANG_WARN_NON_LITERAL_NULL_CONVERSION = YES;
				CLANG_WARN_OBJC_IMPLICIT_RETAIN_SELF = YES;
				CLANG_WARN_OBJC_LITERAL_CONVERSION = YES;
				CLANG_WARN_OBJC_ROOT_CLASS = YES_ERROR;
				CLANG_WARN_QUOTED_INCLUDE_IN_FRAMEWORK_HEADER = YES;
				CLANG_WARN_RANGE_LOOP_ANALYSIS = YES;
				CLANG_WARN_STRICT_PROTOTYPES = YES;
				CLANG_WARN_SUSPICIOUS_MOVE = YES;
				CLANG_WARN_UNGUARDED_AVAILABILITY = YES_AGGRESSIVE;
				CLANG_WARN_UNREACHABLE_CODE = YES;
				CLANG_WARN__DUPLICATE_METHOD_MATCH = YES;
				COPY_PHASE_STRIP = NO;
				DEBUG_INFORMATION_FORMAT = "dwarf-with-dsym";
				ENABLE_NS_ASSERTIONS = NO;
				ENABLE_STRICT_OBJC_MSGSEND = YES;
				GCC_C_LANGUAGE_STANDARD = gnu11;
				GCC_NO_COMMON_BLOCKS = YES;
				GCC_WARN_64_TO_32_BIT_CONVERSION = YES;
				GCC_WARN_ABOUT_RETURN_TYPE = YES_ERROR;
				GCC_WARN_UNDECLARED_SELECTOR = YES;
				GCC_WARN_UNINITIALIZED_AUTOS = YES_AGGRESSIVE;
				GCC_WARN_UNUSED_FUNCTION = YES;
				GCC_WARN_UNUSED_VARIABLE = YES;
				MTL_ENABLE_DEBUG_INFO = NO;
				MTL_FAST_MATH = YES;
				PRODUCT_NAME = "$(TARGET_NAME)";
				SWIFT_COMPILATION_MODE = wholemodule;
				SWIFT_OPTIMIZATION_LEVEL = "-O";
				SWIFT_VERSION = 5.0;
			};
			name = Release;
		};
		AC1EC11BBE3E99CA37B1ED55 /* Release */ = {
			isa = XCBuildConfiguration;
			buildSettings = {
				ASSETCATALOG_COMPILER_APPICON_NAME = AppIcon;
				ASSETCATALOG_COMPILER_GLOBAL_ACCENT_COLOR_NAME = AccentColor;
				CLANG_ENABLE_OBJC_WEAK = NO;
				CLANG_WARN_DOCUMENTATION_COMMENTS = NO;
				CODE_SIGNING_ALLOWED = YES;
				CODE_SIGNING_REQUIRED = YES;
				CODE_SIGN_IDENTITY = "Apple Development";
				CODE_SIGN_STYLE = Automatic;
				DEVELOPMENT_TEAM = QBJ2H95LXT;
				ENABLE_PREVIEWS = YES;
				GCC_TREAT_WARNINGS_AS_ERRORS = YES;
				GENERATE_INFOPLIST_FILE = NO;
				INFOPLIST_FILE = InverterMonitor/Resources/Info.plist;
				INFOPLIST_KEY_UIApplicationSceneManifest_Generation = YES;
				INFOPLIST_KEY_UILaunchScreen_Generation = YES;
				INFOPLIST_KEY_UISupportedInterfaceOrientations = "UIInterfaceOrientationPortrait UIInterfaceOrientationLandscapeLeft UIInterfaceOrientationLandscapeRight";
				INFOPLIST_KEY_UISupportedInterfaceOrientations_iPad = "UIInterfaceOrientationPortrait UIInterfaceOrientationPortraitUpsideDown UIInterfaceOrientationLandscapeLeft UIInterfaceOrientationLandscapeRight";
				IPHONEOS_DEPLOYMENT_TARGET = 17.0;
				LD_RUNPATH_SEARCH_PATHS = "$(inherited) @executable_path/Frameworks";
				PRODUCT_BUNDLE_IDENTIFIER = com.bilalahmad.InverterMonitor;
				SDKROOT = iphoneos;
				SUPPORTS_MACCATALYST = NO;
				SUPPORTS_MAC_DESIGNED_FOR_IPHONE_IPAD = YES;
				SWIFT_TREAT_WARNINGS_AS_ERRORS = YES;
				SWIFT_VERSION = 5.0;
				TARGETED_DEVICE_FAMILY = "1,2";
				VALIDATE_PRODUCT = YES;
			};
			name = Release;
		};
		B5BE879726CCD325791BC449 /* Debug */ = {
			isa = XCBuildConfiguration;
			buildSettings = {
				ALWAYS_SEARCH_USER_PATHS = NO;
				CLANG_ANALYZER_NONNULL = YES;
				CLANG_ANALYZER_NUMBER_OBJECT_CONVERSION = YES_AGGRESSIVE;
				CLANG_CXX_LANGUAGE_STANDARD = "gnu++14";
				CLANG_CXX_LIBRARY = "libc++";
				CLANG_ENABLE_MODULES = YES;
				CLANG_ENABLE_OBJC_ARC = YES;
				CLANG_ENABLE_OBJC_WEAK = YES;
				CLANG_WARN_BLOCK_CAPTURE_AUTORELEASING = YES;
				CLANG_WARN_BOOL_CONVERSION = YES;
				CLANG_WARN_COMMA = YES;
				CLANG_WARN_CONSTANT_CONVERSION = YES;
				CLANG_WARN_DEPRECATED_OBJC_IMPLEMENTATIONS = YES;
				CLANG_WARN_DIRECT_OBJC_ISA_USAGE = YES_ERROR;
				CLANG_WARN_DOCUMENTATION_COMMENTS = YES;
				CLANG_WARN_EMPTY_BODY = YES;
				CLANG_WARN_ENUM_CONVERSION = YES;
				CLANG_WARN_INFINITE_RECURSION = YES;
				CLANG_WARN_INT_CONVERSION = YES;
				CLANG_WARN_NON_LITERAL_NULL_CONVERSION = YES;
				CLANG_WARN_OBJC_IMPLICIT_RETAIN_SELF = YES;
				CLANG_WARN_OBJC_LITERAL_CONVERSION = YES;
				CLANG_WARN_OBJC_ROOT_CLASS = YES_ERROR;
				CLANG_WARN_QUOTED_INCLUDE_IN_FRAMEWORK_HEADER = YES;
				CLANG_WARN_RANGE_LOOP_ANALYSIS = YES;
				CLANG_WARN_STRICT_PROTOTYPES = YES;
				CLANG_WARN_SUSPICIOUS_MOVE = YES;
				CLANG_WARN_UNGUARDED_AVAILABILITY = YES_AGGRESSIVE;
				CLANG_WARN_UNREACHABLE_CODE = YES;
				CLANG_WARN__DUPLICATE_METHOD_MATCH = YES;
				COPY_PHASE_STRIP = NO;
				DEBUG_INFORMATION_FORMAT = dwarf;
				ENABLE_STRICT_OBJC_MSGSEND = YES;
				ENABLE_TESTABILITY = YES;
				GCC_C_LANGUAGE_STANDARD = gnu11;
				GCC_DYNAMIC_NO_PIC = NO;
				GCC_NO_COMMON_BLOCKS = YES;
				GCC_OPTIMIZATION_LEVEL = 0;
				GCC_PREPROCESSOR_DEFINITIONS = (
					"DEBUG=1",
					"$(inherited)",
				);
				GCC_WARN_64_TO_32_BIT_CONVERSION = YES;
				GCC_WARN_ABOUT_RETURN_TYPE = YES_ERROR;
				GCC_WARN_UNDECLARED_SELECTOR = YES;
				GCC_WARN_UNINITIALIZED_AUTOS = YES_AGGRESSIVE;
				GCC_WARN_UNUSED_FUNCTION = YES;
				GCC_WARN_UNUSED_VARIABLE = YES;
				MTL_ENABLE_DEBUG_INFO = INCLUDE_SOURCE;
				MTL_FAST_MATH = YES;
				ONLY_ACTIVE_ARCH = YES;
				PRODUCT_NAME = "$(TARGET_NAME)";
				SWIFT_ACTIVE_COMPILATION_CONDITIONS = DEBUG;
				SWIFT_OPTIMIZATION_LEVEL = "-Onone";
				SWIFT_VERSION = 5.0;
			};
			name = Debug;
		};
		DDFFE300F6EB6CA6C5D9CB2A /* Debug */ = {
			isa = XCBuildConfiguration;
			buildSettings = {
				ASSETCATALOG_COMPILER_APPICON_NAME = AppIcon;
				ASSETCATALOG_COMPILER_GLOBAL_ACCENT_COLOR_NAME = AccentColor;
				CLANG_ENABLE_OBJC_WEAK = NO;
				CLANG_WARN_DOCUMENTATION_COMMENTS = NO;
				CODE_SIGNING_ALLOWED = YES;
				CODE_SIGNING_REQUIRED = YES;
				CODE_SIGN_IDENTITY = "Apple Development";
				CODE_SIGN_STYLE = Automatic;
				DEVELOPMENT_TEAM = QBJ2H95LXT;
				ENABLE_PREVIEWS = YES;
				GCC_TREAT_WARNINGS_AS_ERRORS = YES;
				GENERATE_INFOPLIST_FILE = NO;
				INFOPLIST_FILE = InverterMonitor/Resources/Info.plist;
				INFOPLIST_KEY_UIApplicationSceneManifest_Generation = YES;
				INFOPLIST_KEY_UILaunchScreen_Generation = YES;
				INFOPLIST_KEY_UISupportedInterfaceOrientations = "UIInterfaceOrientationPortrait UIInterfaceOrientationLandscapeLeft UIInterfaceOrientationLandscapeRight";
				INFOPLIST_KEY_UISupportedInterfaceOrientations_iPad = "UIInterfaceOrientationPortrait UIInterfaceOrientationPortraitUpsideDown UIInterfaceOrientationLandscapeLeft UIInterfaceOrientationLandscapeRight";
				IPHONEOS_DEPLOYMENT_TARGET = 17.0;
				LD_RUNPATH_SEARCH_PATHS = "$(inherited) @executable_path/Frameworks";
				PRODUCT_BUNDLE_IDENTIFIER = com.bilalahmad.InverterMonitor;
				SDKROOT = iphoneos;
				SUPPORTS_MACCATALYST = NO;
				SUPPORTS_MAC_DESIGNED_FOR_IPHONE_IPAD = YES;
				SWIFT_TREAT_WARNINGS_AS_ERRORS = YES;
				SWIFT_VERSION = 5.0;
				TARGETED_DEVICE_FAMILY = "1,2";
			};
			name = Debug;
		};
/* End XCBuildConfiguration section */

/* Begin XCConfigurationList section */
		028D05FF4FEA6820E87DD8D6 /* Build configuration list for PBXNativeTarget "InverterMonitor" */ = {
			isa = XCConfigurationList;
			buildConfigurations = (
				AC1EC11BBE3E99CA37B1ED55 /* Release */,
				DDFFE300F6EB6CA6C5D9CB2A /* Debug */,
			);
			defaultConfigurationIsVisible = 0;
			defaultConfigurationName = Release;
		};
		D4151F8345CC80D507B8114C /* Build configuration list for PBXProject "InverterMonitor" */ = {
			isa = XCConfigurationList;
			buildConfigurations = (
				B5BE879726CCD325791BC449 /* Debug */,
				A61CA55F5E3620B54E67A7A8 /* Release */,
			);
			defaultConfigurationIsVisible = 0;
			defaultConfigurationName = Release;
		};
/* End XCConfigurationList section */
	};
	rootObject = 545CBB835C48624930B62FF3 /* Project object */;
}
